// !$*UTF8*$!
{
	archiveVersion = 1;
	classes = {
	};
	objectVersion = 55;
	objects = {

/* Begin PBXBuildFile section */
		012067B72872EF5000F4DB6D /* animals.json in Resources */ = {isa = PBXBuildFile; fileRef = 012067B32872EF5000F4DB6D /* animals.json */; };
		012067B82872EF5000F4DB6D /* locations.json in Resources */ = {isa = PBXBuildFile; fileRef = 012067B42872EF5000F4DB6D /* locations.json */; };
		012067B92872EF5000F4DB6D /* videos.json in Resources */ = {isa = PBXBuildFile; fileRef = 012067B52872EF5000F4DB6D /* videos.json */; };
		012067BA2872EF5000F4DB6D /* covers.json in Resources */ = {isa = PBXBuildFile; fileRef = 012067B62872EF5000F4DB6D /* covers.json */; };
		012FBE6E2872CD720048F429 /* AfricaApp.swift in Sources */ = {isa = PBXBuildFile; fileRef = 012FBE6D2872CD720048F429 /* AfricaApp.swift */; };
		012FBE702872CD720048F429 /* ContentView.swift in Sources */ = {isa = PBXBuildFile; fileRef = 012FBE6F2872CD720048F429 /* ContentView.swift */; };
		012FBE722872CD740048F429 /* Assets.xcassets in Resources */ = {isa = PBXBuildFile; fileRef = 012FBE712872CD740048F429 /* Assets.xcassets */; };
		012FBE752872CD740048F429 /* Preview Assets.xcassets in Resources */ = {isa = PBXBuildFile; fileRef = 012FBE742872CD740048F429 /* Preview Assets.xcassets */; };
		012FBE822872D0CC0048F429 /* VideoListView.swift in Sources */ = {isa = PBXBuildFile; fileRef = 012FBE812872D0CC0048F429 /* VideoListView.swift */; };
		012FBE842872D0E30048F429 /* MapView.swift in Sources */ = {isa = PBXBuildFile; fileRef = 012FBE832872D0E30048F429 /* MapView.swift */; };
		012FBE862872D0F70048F429 /* GalleryView.swift in Sources */ = {isa = PBXBuildFile; fileRef = 012FBE852872D0F70048F429 /* GalleryView.swift */; };
		012FBE882872D11A0048F429 /* MainView.swift in Sources */ = {isa = PBXBuildFile; fileRef = 012FBE872872D11A0048F429 /* MainView.swift */; };
		012FBE8B2872E1E90048F429 /* CoverImageView.swift in Sources */ = {isa = PBXBuildFile; fileRef = 012FBE8A2872E1E90048F429 /* CoverImageView.swift */; };
		012FBE8E2872E2FE0048F429 /* CoverImageModel.swift in Sources */ = {isa = PBXBuildFile; fileRef = 012FBE8D2872E2FE0048F429 /* CoverImageModel.swift */; };
		012FBE912872E8D70048F429 /* CodableBundleExtension.swift in Sources */ = {isa = PBXBuildFile; fileRef = 012FBE902872E8D70048F429 /* CodableBundleExtension.swift */; };
		01A1754128750A8A00D78F6D /* MapAnnotationView.swift in Sources */ = {isa = PBXBuildFile; fileRef = 01A1754028750A8A00D78F6D /* MapAnnotationView.swift */; };
		01A175432875345600D78F6D /* MotionAnimationView.swift in Sources */ = {isa = PBXBuildFile; fileRef = 01A175422875345600D78F6D /* MotionAnimationView.swift */; };
		01A1754528757FE900D78F6D /* AnimalGridImagesView.swift in Sources */ = {isa = PBXBuildFile; fileRef = 01A1754428757FE900D78F6D /* AnimalGridImagesView.swift */; };
		01A1754B28758F8C00D78F6D /* Stickers.xcassets in Resources */ = {isa = PBXBuildFile; fileRef = 01A1754A28758F8C00D78F6D /* Stickers.xcassets */; };
		01A1754F28758F8C00D78F6D /* Stickers.appex in Embed App Extensions */ = {isa = PBXBuildFile; fileRef = 01A1754828758F8A00D78F6D /* Stickers.appex */; platformFilter = ios; settings = {ATTRIBUTES = (RemoveHeadersOnCopy, ); }; };
		01A17555287591B900D78F6D /* CreditsView.swift in Sources */ = {isa = PBXBuildFile; fileRef = 01A17554287591B900D78F6D /* CreditsView.swift */; };
		01A17558287592DC00D78F6D /* CenterModifier.swift in Sources */ = {isa = PBXBuildFile; fileRef = 01A17557287592DC00D78F6D /* CenterModifier.swift */; };
		01D678A42872F3140016AA77 /* rhino.mp4 in Resources */ = {isa = PBXBuildFile; fileRef = 01D6789A2872F3110016AA77 /* rhino.mp4 */; };
		01D678A52872F3140016AA77 /* cheetah.mp4 in Resources */ = {isa = PBXBuildFile; fileRef = 01D6789B2872F3120016AA77 /* cheetah.mp4 */; };
		01D678A62872F3140016AA77 /* zebra.mp4 in Resources */ = {isa = PBXBuildFile; fileRef = 01D6789C2872F3120016AA77 /* zebra.mp4 */; };
		01D678A72872F3140016AA77 /* elephant.mp4 in Resources */ = {isa = PBXBuildFile; fileRef = 01D6789D2872F3120016AA77 /* elephant.mp4 */; };
		01D678A82872F3140016AA77 /* giraffe.mp4 in Resources */ = {isa = PBXBuildFile; fileRef = 01D6789E2872F3120016AA77 /* giraffe.mp4 */; };
		01D678A92872F3140016AA77 /* ostrich.mp4 in Resources */ = {isa = PBXBuildFile; fileRef = 01D6789F2872F3130016AA77 /* ostrich.mp4 */; };
		01D678AA2872F3140016AA77 /* gorilla.mp4 in Resources */ = {isa = PBXBuildFile; fileRef = 01D678A02872F3130016AA77 /* gorilla.mp4 */; };
		01D678AB2872F3140016AA77 /* hippo.mp4 in Resources */ = {isa = PBXBuildFile; fileRef = 01D678A12872F3130016AA77 /* hippo.mp4 */; };
		01D678AC2872F3140016AA77 /* lioness.mp4 in Resources */ = {isa = PBXBuildFile; fileRef = 01D678A22872F3140016AA77 /* lioness.mp4 */; };
		01D678AD2872F3140016AA77 /* lion.mp4 in Resources */ = {isa = PBXBuildFile; fileRef = 01D678A32872F3140016AA77 /* lion.mp4 */; };
		01E4D3EF2873B2630022F65A /* AnimalListItemView.swift in Sources */ = {isa = PBXBuildFile; fileRef = 01E4D3EE2873B2630022F65A /* AnimalListItemView.swift */; };
		01E4D3F12873B7250022F65A /* AnimalModel.swift in Sources */ = {isa = PBXBuildFile; fileRef = 01E4D3F02873B7250022F65A /* AnimalModel.swift */; };
		01E4D3F32873B9CF0022F65A /* AnimalDetailView.swift in Sources */ = {isa = PBXBuildFile; fileRef = 01E4D3F22873B9CF0022F65A /* AnimalDetailView.swift */; };
		01E4D3F52873C51A0022F65A /* HeadingView.swift in Sources */ = {isa = PBXBuildFile; fileRef = 01E4D3F42873C51A0022F65A /* HeadingView.swift */; };
		01E4D3F72873C69A0022F65A /* InsetGalleryView.swift in Sources */ = {isa = PBXBuildFile; fileRef = 01E4D3F62873C69A0022F65A /* InsetGalleryView.swift */; };
		01E4D3F9287419690022F65A /* InsetFactView.swift in Sources */ = {isa = PBXBuildFile; fileRef = 01E4D3F8287419690022F65A /* InsetFactView.swift */; };
		01E4D3FB28741C630022F65A /* InsetMapView.swift in Sources */ = {isa = PBXBuildFile; fileRef = 01E4D3FA28741C630022F65A /* InsetMapView.swift */; };
		01E4D3FD28741F690022F65A /* ExternalWebLink.swift in Sources */ = {isa = PBXBuildFile; fileRef = 01E4D3FC28741F690022F65A /* ExternalWebLink.swift */; };
		01E4D3FF2874ED5D0022F65A /* VideoModel.swift in Sources */ = {isa = PBXBuildFile; fileRef = 01E4D3FE2874ED5D0022F65A /* VideoModel.swift */; };
		01E4D4012874EDBB0022F65A /* VideoListItemView.swift in Sources */ = {isa = PBXBuildFile; fileRef = 01E4D4002874EDBB0022F65A /* VideoListItemView.swift */; };
		01E4D4032874FDFD0022F65A /* VideoPlayerView.swift in Sources */ = {isa = PBXBuildFile; fileRef = 01E4D4022874FDFD0022F65A /* VideoPlayerView.swift */; };
		01E4D4062874FED30022F65A /* VideoPlayerHelper.swift in Sources */ = {isa = PBXBuildFile; fileRef = 01E4D4052874FED30022F65A /* VideoPlayerHelper.swift */; };
		01E4D408287503B80022F65A /* LocationModel.swift in Sources */ = {isa = PBXBuildFile; fileRef = 01E4D407287503B80022F65A /* LocationModel.swift */; };
/* End PBXBuildFile section */

/* Begin PBXContainerItemProxy section */
		01A1754D28758F8C00D78F6D /* PBXContainerItemProxy */ = {
			isa = PBXContainerItemProxy;
			containerPortal = 012FBE622872CD720048F429 /* Project object */;
			proxyType = 1;
			remoteGlobalIDString = 01A1754728758F8A00D78F6D;
			remoteInfo = Stickers;
		};
/* End PBXContainerItemProxy section */

/* Begin PBXCopyFilesBuildPhase section */
		01A1755328758F8C00D78F6D /* Embed App Extensions */ = {
			isa = PBXCopyFilesBuildPhase;
			buildActionMask = 2147483647;
			dstPath = "";
			dstSubfolderSpec = 13;
			files = (
				01A1754F28758F8C00D78F6D /* Stickers.appex in Embed App Extensions */,
			);
			name = "Embed App Extensions";
			runOnlyForDeploymentPostprocessing = 0;
		};
/* End PBXCopyFilesBuildPhase section */

/* Begin PBXFileReference section */
		012067B32872EF5000F4DB6D /* animals.json */ = {isa = PBXFileReference; fileEncoding = 4; lastKnownFileType = text.json; path = animals.json; sourceTree = "<group>"; };
		012067B42872EF5000F4DB6D /* locations.json */ = {isa = PBXFileReference; fileEncoding = 4; lastKnownFileType = text.json; path = locations.json; sourceTree = "<group>"; };
		012067B52872EF5000F4DB6D /* videos.json */ = {isa = PBXFileReference; fileEncoding = 4; lastKnownFileType = text.json; path = videos.json; sourceTree = "<group>"; };
		012067B62872EF5000F4DB6D /* covers.json */ = {isa = PBXFileReference; fileEncoding = 4; lastKnownFileType = text.json; path = covers.json; sourceTree = "<group>"; };
		012FBE6A2872CD720048F429 /* Africa.app */ = {isa = PBXFileReference; explicitFileType = wrapper.application; includeInIndex = 0; path = Africa.app; sourceTree = BUILT_PRODUCTS_DIR; };
		012FBE6D2872CD720048F429 /* AfricaApp.swift */ = {isa = PBXFileReference; lastKnownFileType = sourcecode.swift; path = AfricaApp.swift; sourceTree = "<group>"; };
		012FBE6F2872CD720048F429 /* ContentView.swift */ = {isa = PBXFileReference; lastKnownFileType = sourcecode.swift; path = ContentView.swift; sourceTree = "<group>"; };
		012FBE712872CD740048F429 /* Assets.xcassets */ = {isa = PBXFileReference; lastKnownFileType = folder.assetcatalog; path = Assets.xcassets; sourceTree = "<group>"; };
		012FBE742872CD740048F429 /* Preview Assets.xcassets */ = {isa = PBXFileReference; lastKnownFileType = folder.assetcatalog; path = "Preview Assets.xcassets"; sourceTree = "<group>"; };
		012FBE7F2872CFD90048F429 /* Info.plist */ = {isa = PBXFileReference; lastKnownFileType = text.plist; path = Info.plist; sourceTree = "<group>"; };
		012FBE812872D0CC0048F429 /* VideoListView.swift */ = {isa = PBXFileReference; lastKnownFileType = sourcecode.swift; path = VideoListView.swift; sourceTree = "<group>"; };
		012FBE832872D0E30048F429 /* MapView.swift */ = {isa = PBXFileReference; lastKnownFileType = sourcecode.swift; path = MapView.swift; sourceTree = "<group>"; };
		012FBE852872D0F70048F429 /* GalleryView.swift */ = {isa = PBXFileReference; lastKnownFileType = sourcecode.swift; path = GalleryView.swift; sourceTree = "<group>"; };
		012FBE872872D11A0048F429 /* MainView.swift */ = {isa = PBXFileReference; lastKnownFileType = sourcecode.swift; path = MainView.swift; sourceTree = "<group>"; };
		012FBE8A2872E1E90048F429 /* CoverImageView.swift */ = {isa = PBXFileReference; lastKnownFileType = sourcecode.swift; path = CoverImageView.swift; sourceTree = "<group>"; };
		012FBE8D2872E2FE0048F429 /* CoverImageModel.swift */ = {isa = PBXFileReference; lastKnownFileType = sourcecode.swift; path = CoverImageModel.swift; sourceTree = "<group>"; };
		012FBE902872E8D70048F429 /* CodableBundleExtension.swift */ = {isa = PBXFileReference; lastKnownFileType = sourcecode.swift; path = CodableBundleExtension.swift; sourceTree = "<group>"; };
		01A1754028750A8A00D78F6D /* MapAnnotationView.swift */ = {isa = PBXFileReference; lastKnownFileType = sourcecode.swift; path = MapAnnotationView.swift; sourceTree = "<group>"; };
		01A175422875345600D78F6D /* MotionAnimationView.swift */ = {isa = PBXFileReference; lastKnownFileType = sourcecode.swift; path = MotionAnimationView.swift; sourceTree = "<group>"; };
		01A1754428757FE900D78F6D /* AnimalGridImagesView.swift */ = {isa = PBXFileReference; lastKnownFileType = sourcecode.swift; path = AnimalGridImagesView.swift; sourceTree = "<group>"; };
		01A1754828758F8A00D78F6D /* Stickers.appex */ = {isa = PBXFileReference; explicitFileType = "wrapper.app-extension"; includeInIndex = 0; path = Stickers.appex; sourceTree = BUILT_PRODUCTS_DIR; };
		01A1754A28758F8C00D78F6D /* Stickers.xcassets */ = {isa = PBXFileReference; lastKnownFileType = folder.assetcatalog; path = Stickers.xcassets; sourceTree = "<group>"; };
		01A1754C28758F8C00D78F6D /* Info.plist */ = {isa = PBXFileReference; lastKnownFileType = text.plist.xml; path = Info.plist; sourceTree = "<group>"; };
		01A17554287591B900D78F6D /* CreditsView.swift */ = {isa = PBXFileReference; lastKnownFileType = sourcecode.swift; path = CreditsView.swift; sourceTree = "<group>"; };
		01A17557287592DC00D78F6D /* CenterModifier.swift */ = {isa = PBXFileReference; lastKnownFileType = sourcecode.swift; path = CenterModifier.swift; sourceTree = "<group>"; };
		01A175592875949600D78F6D /* Africa.entitlements */ = {isa = PBXFileReference; lastKnownFileType = text.plist.entitlements; path = Africa.entitlements; sourceTree = "<group>"; };
		01D6789A2872F3110016AA77 /* rhino.mp4 */ = {isa = PBXFileReference; lastKnownFileType = file; path = rhino.mp4; sourceTree = "<group>"; };
		01D6789B2872F3120016AA77 /* cheetah.mp4 */ = {isa = PBXFileReference; lastKnownFileType = file; path = cheetah.mp4; sourceTree = "<group>"; };
		01D6789C2872F3120016AA77 /* zebra.mp4 */ = {isa = PBXFileReference; lastKnownFileType = file; path = zebra.mp4; sourceTree = "<group>"; };
		01D6789D2872F3120016AA77 /* elephant.mp4 */ = {isa = PBXFileReference; lastKnownFileType = file; path = elephant.mp4; sourceTree = "<group>"; };
		01D6789E2872F3120016AA77 /* giraffe.mp4 */ = {isa = PBXFileReference; lastKnownFileType = file; path = giraffe.mp4; sourceTree = "<group>"; };
		01D6789F2872F3130016AA77 /* ostrich.mp4 */ = {isa = PBXFileReference; lastKnownFileType = file; name = ostrich.mp4; path = "../../../../../Downloads/SWIFTUI-APP-AFRICA-UPDATED/Resources/video/ostrich.mp4"; sourceTree = "<group>"; };
		01D678A02872F3130016AA77 /* gorilla.mp4 */ = {isa = PBXFileReference; lastKnownFileType = file; path = gorilla.mp4; sourceTree = "<group>"; };
		01D678A12872F3130016AA77 /* hippo.mp4 */ = {isa = PBXFileReference; lastKnownFileType = file; path = hippo.mp4; sourceTree = "<group>"; };
		01D678A22872F3140016AA77 /* lioness.mp4 */ = {isa = PBXFileReference; lastKnownFileType = file; path = lioness.mp4; sourceTree = "<group>"; };
		01D678A32872F3140016AA77 /* lion.mp4 */ = {isa = PBXFileReference; lastKnownFileType = file; path = lion.mp4; sourceTree = "<group>"; };
		01E4D3EE2873B2630022F65A /* AnimalListItemView.swift */ = {isa = PBXFileReference; lastKnownFileType = sourcecode.swift; path = AnimalListItemView.swift; sourceTree = "<group>"; };
		01E4D3F02873B7250022F65A /* AnimalModel.swift */ = {isa = PBXFileReference; lastKnownFileType = sourcecode.swift; path = AnimalModel.swift; sourceTree = "<group>"; };
		01E4D3F22873B9CF0022F65A /* AnimalDetailView.swift */ = {isa = PBXFileReference; lastKnownFileType = sourcecode.swift; path = AnimalDetailView.swift; sourceTree = "<group>"; };
		01E4D3F42873C51A0022F65A /* HeadingView.swift */ = {isa = PBXFileReference; lastKnownFileType = sourcecode.swift; path = HeadingView.swift; sourceTree = "<group>"; };
		01E4D3F62873C69A0022F65A /* InsetGalleryView.swift */ = {isa = PBXFileReference; lastKnownFileType = sourcecode.swift; path = InsetGalleryView.swift; sourceTree = "<group>"; };
		01E4D3F8287419690022F65A /* InsetFactView.swift */ = {isa = PBXFileReference; lastKnownFileType = sourcecode.swift; path = InsetFactView.swift; sourceTree = "<group>"; };
		01E4D3FA28741C630022F65A /* InsetMapView.swift */ = {isa = PBXFileReference; lastKnownFileType = sourcecode.swift; path = InsetMapView.swift; sourceTree = "<group>"; };
		01E4D3FC28741F690022F65A /* ExternalWebLink.swift */ = {isa = PBXFileReference; lastKnownFileType = sourcecode.swift; path = ExternalWebLink.swift; sourceTree = "<group>"; };
		01E4D3FE2874ED5D0022F65A /* VideoModel.swift */ = {isa = PBXFileReference; lastKnownFileType = sourcecode.swift; path = VideoModel.swift; sourceTree = "<group>"; };
		01E4D4002874EDBB0022F65A /* VideoListItemView.swift */ = {isa = PBXFileReference; lastKnownFileType = sourcecode.swift; path = VideoListItemView.swift; sourceTree = "<group>"; };
		01E4D4022874FDFD0022F65A /* VideoPlayerView.swift */ = {isa = PBXFileReference; lastKnownFileType = sourcecode.swift; path = VideoPlayerView.swift; sourceTree = "<group>"; };
		01E4D4052874FED30022F65A /* VideoPlayerHelper.swift */ = {isa = PBXFileReference; lastKnownFileType = sourcecode.swift; path = VideoPlayerHelper.swift; sourceTree = "<group>"; };
		01E4D407287503B80022F65A /* LocationModel.swift */ = {isa = PBXFileReference; lastKnownFileType = sourcecode.swift; path = LocationModel.swift; sourceTree = "<group>"; };
/* End PBXFileReference section */

/* Begin PBXFrameworksBuildPhase section */
		012FBE672872CD720048F429 /* Frameworks */ = {
			isa = PBXFrameworksBuildPhase;
			buildActionMask = 2147483647;
			files = (
			);
			runOnlyForDeploymentPostprocessing = 0;
		};
/* End PBXFrameworksBuildPhase section */

/* Begin PBXGroup section */
		012067B22872EF3B00F4DB6D /* Data */ = {
			isa = PBXGroup;
			children = (
				012067B32872EF5000F4DB6D /* animals.json */,
				012067B62872EF5000F4DB6D /* covers.json */,
				012067B42872EF5000F4DB6D /* locations.json */,
				012067B52872EF5000F4DB6D /* videos.json */,
			);
			path = Data;
			sourceTree = "<group>";
		};
		012FBE612872CD720048F429 = {
			isa = PBXGroup;
			children = (
				012FBE6C2872CD720048F429 /* Africa */,
				01A1754928758F8A00D78F6D /* Stickers */,
				012FBE6B2872CD720048F429 /* Products */,
			);
			sourceTree = "<group>";
		};
		012FBE6B2872CD720048F429 /* Products */ = {
			isa = PBXGroup;
			children = (
				012FBE6A2872CD720048F429 /* Africa.app */,
				01A1754828758F8A00D78F6D /* Stickers.appex */,
			);
			name = Products;
			sourceTree = "<group>";
		};
		012FBE6C2872CD720048F429 /* Africa */ = {
			isa = PBXGroup;
			children = (
				01A175592875949600D78F6D /* Africa.entitlements */,
				01A17556287592C500D78F6D /* Modifier */,
				01E4D4042874FEBE0022F65A /* Helper */,
				01D678992872F3030016AA77 /* Video */,
				012067B22872EF3B00F4DB6D /* Data */,
				012FBE8F2872E8B40048F429 /* Extension */,
				012FBE8C2872E2E20048F429 /* Model */,
				012FBE892872E1C90048F429 /* View */,
				012FBE7F2872CFD90048F429 /* Info.plist */,
				012FBE802872D0790048F429 /* App */,
				012FBE712872CD740048F429 /* Assets.xcassets */,
				012FBE732872CD740048F429 /* Preview Content */,
			);
			path = Africa;
			sourceTree = "<group>";
		};
		012FBE732872CD740048F429 /* Preview Content */ = {
			isa = PBXGroup;
			children = (
				012FBE742872CD740048F429 /* Preview Assets.xcassets */,
			);
			path = "Preview Content";
			sourceTree = "<group>";
		};
		012FBE802872D0790048F429 /* App */ = {
			isa = PBXGroup;
			children = (
				012FBE6D2872CD720048F429 /* AfricaApp.swift */,
				012FBE6F2872CD720048F429 /* ContentView.swift */,
				012FBE812872D0CC0048F429 /* VideoListView.swift */,
				012FBE832872D0E30048F429 /* MapView.swift */,
				012FBE852872D0F70048F429 /* GalleryView.swift */,
				012FBE872872D11A0048F429 /* MainView.swift */,
			);
			path = App;
			sourceTree = "<group>";
		};
		012FBE892872E1C90048F429 /* View */ = {
			isa = PBXGroup;
			children = (
				012FBE8A2872E1E90048F429 /* CoverImageView.swift */,
				01E4D3EE2873B2630022F65A /* AnimalListItemView.swift */,
				01E4D3F22873B9CF0022F65A /* AnimalDetailView.swift */,
				01E4D3F42873C51A0022F65A /* HeadingView.swift */,
				01E4D3F62873C69A0022F65A /* InsetGalleryView.swift */,
				01E4D3F8287419690022F65A /* InsetFactView.swift */,
				01E4D3FA28741C630022F65A /* InsetMapView.swift */,
				01E4D3FC28741F690022F65A /* ExternalWebLink.swift */,
				01E4D4002874EDBB0022F65A /* VideoListItemView.swift */,
				01E4D4022874FDFD0022F65A /* VideoPlayerView.swift */,
				01A1754028750A8A00D78F6D /* MapAnnotationView.swift */,
				01A175422875345600D78F6D /* MotionAnimationView.swift */,
				01A1754428757FE900D78F6D /* AnimalGridImagesView.swift */,
				01A17554287591B900D78F6D /* CreditsView.swift */,
			);
			path = View;
			sourceTree = "<group>";
		};
		012FBE8C2872E2E20048F429 /* Model */ = {
			isa = PBXGroup;
			children = (
				012FBE8D2872E2FE0048F429 /* CoverImageModel.swift */,
				01E4D3F02873B7250022F65A /* AnimalModel.swift */,
				01E4D3FE2874ED5D0022F65A /* VideoModel.swift */,
				01E4D407287503B80022F65A /* LocationModel.swift */,
			);
			path = Model;
			sourceTree = "<group>";
		};
		012FBE8F2872E8B40048F429 /* Extension */ = {
			isa = PBXGroup;
			children = (
				012FBE902872E8D70048F429 /* CodableBundleExtension.swift */,
			);
			path = Extension;
			sourceTree = "<group>";
		};
		01A1754928758F8A00D78F6D /* Stickers */ = {
			isa = PBXGroup;
			children = (
				01A1754A28758F8C00D78F6D /* Stickers.xcassets */,
				01A1754C28758F8C00D78F6D /* Info.plist */,
			);
			path = Stickers;
			sourceTree = "<group>";
		};
		01A17556287592C500D78F6D /* Modifier */ = {
			isa = PBXGroup;
			children = (
				01A17557287592DC00D78F6D /* CenterModifier.swift */,
			);
			path = Modifier;
			sourceTree = "<group>";
		};
		01D678992872F3030016AA77 /* Video */ = {
			isa = PBXGroup;
			children = (
				01D6789B2872F3120016AA77 /* cheetah.mp4 */,
				01D6789D2872F3120016AA77 /* elephant.mp4 */,
				01D6789E2872F3120016AA77 /* giraffe.mp4 */,
				01D678A02872F3130016AA77 /* gorilla.mp4 */,
				01D678A12872F3130016AA77 /* hippo.mp4 */,
				01D678A32872F3140016AA77 /* lion.mp4 */,
				01D678A22872F3140016AA77 /* lioness.mp4 */,
				01D6789F2872F3130016AA77 /* ostrich.mp4 */,
				01D6789A2872F3110016AA77 /* rhino.mp4 */,
				01D6789C2872F3120016AA77 /* zebra.mp4 */,
			);
			path = Video;
			sourceTree = "<group>";
		};
		01E4D4042874FEBE0022F65A /* Helper */ = {
			isa = PBXGroup;
			children = (
				01E4D4052874FED30022F65A /* VideoPlayerHelper.swift */,
			);
			path = Helper;
			sourceTree = "<group>";
		};
/* End PBXGroup section */

/* Begin PBXNativeTarget section */
		012FBE692872CD720048F429 /* Africa */ = {
			isa = PBXNativeTarget;
			buildConfigurationList = 012FBE782872CD740048F429 /* Build configuration list for PBXNativeTarget "Africa" */;
			buildPhases = (
				012FBE662872CD720048F429 /* Sources */,
				012FBE672872CD720048F429 /* Frameworks */,
				012FBE682872CD720048F429 /* Resources */,
				01A1755328758F8C00D78F6D /* Embed App Extensions */,
			);
			buildRules = (
			);
			dependencies = (
				01A1754E28758F8C00D78F6D /* PBXTargetDependency */,
			);
			name = Africa;
			productName = Africa;
			productReference = 012FBE6A2872CD720048F429 /* Africa.app */;
			productType = "com.apple.product-type.application";
		};
		01A1754728758F8A00D78F6D /* Stickers */ = {
			isa = PBXNativeTarget;
			buildConfigurationList = 01A1755028758F8C00D78F6D /* Build configuration list for PBXNativeTarget "Stickers" */;
			buildPhases = (
				01A1754628758F8A00D78F6D /* Resources */,
			);
			buildRules = (
			);
			dependencies = (
			);
			name = Stickers;
			productName = Stickers;
			productReference = 01A1754828758F8A00D78F6D /* Stickers.appex */;
			productType = "com.apple.product-type.app-extension.messages-sticker-pack";
		};
/* End PBXNativeTarget section */

/* Begin PBXProject section */
		012FBE622872CD720048F429 /* Project object */ = {
			isa = PBXProject;
			attributes = {
				BuildIndependentTargetsInParallel = 1;
				LastSwiftUpdateCheck = 1340;
				LastUpgradeCheck = 1340;
				TargetAttributes = {
					012FBE692872CD720048F429 = {
						CreatedOnToolsVersion = 13.4.1;
					};
					01A1754728758F8A00D78F6D = {
						CreatedOnToolsVersion = 13.4.1;
					};
				};
			};
			buildConfigurationList = 012FBE652872CD720048F429 /* Build configuration list for PBXProject "Africa" */;
			compatibilityVersion = "Xcode 13.0";
			developmentRegion = en;
			hasScannedForEncodings = 0;
			knownRegions = (
				en,
				Base,
			);
			mainGroup = 012FBE612872CD720048F429;
			productRefGroup = 012FBE6B2872CD720048F429 /* Products */;
			projectDirPath = "";
			projectRoot = "";
			targets = (
				012FBE692872CD720048F429 /* Africa */,
				01A1754728758F8A00D78F6D /* Stickers */,
			);
		};
/* End PBXProject section */

/* Begin PBXResourcesBuildPhase section */
		012FBE682872CD720048F429 /* Resources */ = {
			isa = PBXResourcesBuildPhase;
			buildActionMask = 2147483647;
			files = (
				012067BA2872EF5000F4DB6D /* covers.json in Resources */,
				012067B72872EF5000F4DB6D /* animals.json in Resources */,
				01D678AC2872F3140016AA77 /* lioness.mp4 in Resources */,
				01D678AB2872F3140016AA77 /* hippo.mp4 in Resources */,
				012067B82872EF5000F4DB6D /* locations.json in Resources */,
				012FBE752872CD740048F429 /* Preview Assets.xcassets in Resources */,
				01D678A52872F3140016AA77 /* cheetah.mp4 in Resources */,
				01D678A42872F3140016AA77 /* rhino.mp4 in Resources */,
				01D678A92872F3140016AA77 /* ostrich.mp4 in Resources */,
				01D678AD2872F3140016AA77 /* lion.mp4 in Resources */,
				01D678A82872F3140016AA77 /* giraffe.mp4 in Resources */,
				012FBE722872CD740048F429 /* Assets.xcassets in Resources */,
				01D678A62872F3140016AA77 /* zebra.mp4 in Resources */,
				01D678A72872F3140016AA77 /* elephant.mp4 in Resources */,
				01D678AA2872F3140016AA77 /* gorilla.mp4 in Resources */,
				012067B92872EF5000F4DB6D /* videos.json in Resources */,
			);
			runOnlyForDeploymentPostprocessing = 0;
		};
		01A1754628758F8A00D78F6D /* Resources */ = {
			isa = PBXResourcesBuildPhase;
			buildActionMask = 2147483647;
			files = (
				01A1754B28758F8C00D78F6D /* Stickers.xcassets in Resources */,
			);
			runOnlyForDeploymentPostprocessing = 0;
		};
/* End PBXResourcesBuildPhase section */

/* Begin PBXSourcesBuildPhase section */
		012FBE662872CD720048F429 /* Sources */ = {
			isa = PBXSourcesBuildPhase;
			buildActionMask = 2147483647;
			files = (
				012FBE702872CD720048F429 /* ContentView.swift in Sources */,
				01E4D3EF2873B2630022F65A /* AnimalListItemView.swift in Sources */,
				012FBE882872D11A0048F429 /* MainView.swift in Sources */,
				01E4D3F9287419690022F65A /* InsetFactView.swift in Sources */,
				012FBE8B2872E1E90048F429 /* CoverImageView.swift in Sources */,
				01E4D3FD28741F690022F65A /* ExternalWebLink.swift in Sources */,
				012FBE8E2872E2FE0048F429 /* CoverImageModel.swift in Sources */,
				01E4D3F32873B9CF0022F65A /* AnimalDetailView.swift in Sources */,
				01E4D3F12873B7250022F65A /* AnimalModel.swift in Sources */,
				012FBE842872D0E30048F429 /* MapView.swift in Sources */,
				01E4D4062874FED30022F65A /* VideoPlayerHelper.swift in Sources */,
				01E4D3FB28741C630022F65A /* InsetMapView.swift in Sources */,
				012FBE6E2872CD720048F429 /* AfricaApp.swift in Sources */,
				01A1754128750A8A00D78F6D /* MapAnnotationView.swift in Sources */,
				012FBE822872D0CC0048F429 /* VideoListView.swift in Sources */,
				01A1754528757FE900D78F6D /* AnimalGridImagesView.swift in Sources */,
				01E4D3FF2874ED5D0022F65A /* VideoModel.swift in Sources */,
				012FBE862872D0F70048F429 /* GalleryView.swift in Sources */,
				01E4D408287503B80022F65A /* LocationModel.swift in Sources */,
				01E4D3F72873C69A0022F65A /* InsetGalleryView.swift in Sources */,
				01E4D4012874EDBB0022F65A /* VideoListItemView.swift in Sources */,
				01A17555287591B900D78F6D /* CreditsView.swift in Sources */,
				012FBE912872E8D70048F429 /* CodableBundleExtension.swift in Sources */,
				01A175432875345600D78F6D /* MotionAnimationView.swift in Sources */,
				01A17558287592DC00D78F6D /* CenterModifier.swift in Sources */,
				01E4D3F52873C51A0022F65A /* HeadingView.swift in Sources */,
				01E4D4032874FDFD0022F65A /* VideoPlayerView.swift in Sources */,
			);
			runOnlyForDeploymentPostprocessing = 0;
		};
/* End PBXSourcesBuildPhase section */

/* Begin PBXTargetDependency section */
		01A1754E28758F8C00D78F6D /* PBXTargetDependency */ = {
			isa = PBXTargetDependency;
			platformFilter = ios;
			target = 01A1754728758F8A00D78F6D /* Stickers */;
			targetProxy = 01A1754D28758F8C00D78F6D /* PBXContainerItemProxy */;
		};
/* End PBXTargetDependency section */

/* Begin XCBuildConfiguration section */
		012FBE762872CD740048F429 /* Debug */ = {
			isa = XCBuildConfiguration;
			buildSettings = {
				ALWAYS_SEARCH_USER_PATHS = NO;
				CLANG_ANALYZER_NONNULL = YES;
				CLANG_ANALYZER_NUMBER_OBJECT_CONVERSION = YES_AGGRESSIVE;
				CLANG_CXX_LANGUAGE_STANDARD = "gnu++17";
				CLANG_ENABLE_MODULES = YES;
				CLANG_ENABLE_OBJC_ARC = YES;
				CLANG_ENABLE_OBJC_WEAK = YES;
				CLANG_WARN_BLOCK_CAPTURE_AUTORELEASING = YES;
				CLANG_WARN_BOOL_CONVERSION = YES;
				CLANG_WARN_COMMA = YES;
				CLANG_WARN_CONSTANT_CONVERSION = YES;
				CLANG_WARN_DEPRECATED_OBJC_IMPLEMENTATIONS = YES;
				CLANG_WARN_DIRECT_OBJC_ISA_USAGE = YES_ERROR;
				CLANG_WARN_DOCUMENTATION_COMMENTS = YES;
				CLANG_WARN_EMPTY_BODY = YES;
				CLANG_WARN_ENUM_CONVERSION = YES;
				CLANG_WARN_INFINITE_RECURSION = YES;
				CLANG_WARN_INT_CONVERSION = YES;
				CLANG_WARN_NON_LITERAL_NULL_CONVERSION = YES;
				CLANG_WARN_OBJC_IMPLICIT_RETAIN_SELF = YES;
				CLANG_WARN_OBJC_LITERAL_CONVERSION = YES;
				CLANG_WARN_OBJC_ROOT_CLASS = YES_ERROR;
				CLANG_WARN_QUOTED_INCLUDE_IN_FRAMEWORK_HEADER = YES;
				CLANG_WARN_RANGE_LOOP_ANALYSIS = YES;
				CLANG_WARN_STRICT_PROTOTYPES = YES;
				CLANG_WARN_SUSPICIOUS_MOVE = YES;
				CLANG_WARN_UNGUARDED_AVAILABILITY = YES_AGGRESSIVE;
				CLANG_WARN_UNREACHABLE_CODE = YES;
				CLANG_WARN__DUPLICATE_METHOD_MATCH = YES;
				COPY_PHASE_STRIP = NO;
				DEBUG_INFORMATION_FORMAT = dwarf;
				ENABLE_STRICT_OBJC_MSGSEND = YES;
				ENABLE_TESTABILITY = YES;
				GCC_C_LANGUAGE_STANDARD = gnu11;
				GCC_DYNAMIC_NO_PIC = NO;
				GCC_NO_COMMON_BLOCKS = YES;
				GCC_OPTIMIZATION_LEVEL = 0;
				GCC_PREPROCESSOR_DEFINITIONS = (
					"DEBUG=1",
					"$(inherited)",
				);
				GCC_WARN_64_TO_32_BIT_CONVERSION = YES;
				GCC_WARN_ABOUT_RETURN_TYPE = YES_ERROR;
				GCC_WARN_UNDECLARED_SELECTOR = YES;
				GCC_WARN_UNINITIALIZED_AUTOS = YES_AGGRESSIVE;
				GCC_WARN_UNUSED_FUNCTION = YES;
				GCC_WARN_UNUSED_VARIABLE = YES;
				IPHONEOS_DEPLOYMENT_TARGET = 15.5;
				MTL_ENABLE_DEBUG_INFO = INCLUDE_SOURCE;
				MTL_FAST_MATH = YES;
				ONLY_ACTIVE_ARCH = YES;
				SDKROOT = iphoneos;
				SWIFT_ACTIVE_COMPILATION_CONDITIONS = DEBUG;
				SWIFT_OPTIMIZATION_LEVEL = "-Onone";
			};
			name = Debug;
		};
		012FBE772872CD740048F429 /* Release */ = {
			isa = XCBuildConfiguration;
			buildSettings = {
				ALWAYS_SEARCH_USER_PATHS = NO;
				CLANG_ANALYZER_NONNULL = YES;
				CLANG_ANALYZER_NUMBER_OBJECT_CONVERSION = YES_AGGRESSIVE;
				CLANG_CXX_LANGUAGE_STANDARD = "gnu++17";
				CLANG_ENABLE_MODULES = YES;
				CLANG_ENABLE_OBJC_ARC = YES;
				CLANG_ENABLE_OBJC_WEAK = YES;
				CLANG_WARN_BLOCK_CAPTURE_AUTORELEASING = YES;
				CLANG_WARN_BOOL_CONVERSION = YES;
				CLANG_WARN_COMMA = YES;
				CLANG_WARN_CONSTANT_CONVERSION = YES;
				CLANG_WARN_DEPRECATED_OBJC_IMPLEMENTATIONS = YES;
				CLANG_WARN_DIRECT_OBJC_ISA_USAGE = YES_ERROR;
				CLANG_WARN_DOCUMENTATION_COMMENTS = YES;
				CLANG_WARN_EMPTY_BODY = YES;
				CLANG_WARN_ENUM_CONVERSION = YES;
				CLANG_WARN_INFINITE_RECURSION = YES;
				CLANG_WARN_INT_CONVERSION = YES;
				CLANG_WARN_NON_LITERAL_NULL_CONVERSION = YES;
				CLANG_WARN_OBJC_IMPLICIT_RETAIN_SELF = YES;
				CLANG_WARN_OBJC_LITERAL_CONVERSION = YES;
				CLANG_WARN_OBJC_ROOT_CLASS = YES_ERROR;
				CLANG_WARN_QUOTED_INCLUDE_IN_FRAMEWORK_HEADER = YES;
				CLANG_WARN_RANGE_LOOP_ANALYSIS = YES;
				CLANG_WARN_STRICT_PROTOTYPES = YES;
				CLANG_WARN_SUSPICIOUS_MOVE = YES;
				CLANG_WARN_UNGUARDED_AVAILABILITY = YES_AGGRESSIVE;
				CLANG_WARN_UNREACHABLE_CODE = YES;
				CLANG_WARN__DUPLICATE_METHOD_MATCH = YES;
				COPY_PHASE_STRIP = NO;
				DEBUG_INFORMATION_FORMAT = "dwarf-with-dsym";
				ENABLE_NS_ASSERTIONS = NO;
				ENABLE_STRICT_OBJC_MSGSEND = YES;
				GCC_C_LANGUAGE_STANDARD = gnu11;
				GCC_NO_COMMON_BLOCKS = YES;
				GCC_WARN_64_TO_32_BIT_CONVERSION = YES;
				GCC_WARN_ABOUT_RETURN_TYPE = YES_ERROR;
				GCC_WARN_UNDECLARED_SELECTOR = YES;
				GCC_WARN_UNINITIALIZED_AUTOS = YES_AGGRESSIVE;
				GCC_WARN_UNUSED_FUNCTION = YES;
				GCC_WARN_UNUSED_VARIABLE = YES;
				IPHONEOS_DEPLOYMENT_TARGET = 15.5;
				MTL_ENABLE_DEBUG_INFO = NO;
				MTL_FAST_MATH = YES;
				SDKROOT = iphoneos;
				SWIFT_COMPILATION_MODE = wholemodule;
				SWIFT_OPTIMIZATION_LEVEL = "-O";
				VALIDATE_PRODUCT = YES;
			};
			name = Release;
		};
		012FBE792872CD740048F429 /* Debug */ = {
			isa = XCBuildConfiguration;
			buildSettings = {
				ASSETCATALOG_COMPILER_APPICON_NAME = AppIcon;
				ASSETCATALOG_COMPILER_GLOBAL_ACCENT_COLOR_NAME = AccentColor;
				CODE_SIGN_ENTITLEMENTS = Africa/Africa.entitlements;
				CODE_SIGN_STYLE = Automatic;
				CURRENT_PROJECT_VERSION = 1;
				DEVELOPMENT_ASSET_PATHS = "\"Africa/Preview Content\"";
				DEVELOPMENT_TEAM = KMD8PAHJZU;
				ENABLE_PREVIEWS = YES;
				GENERATE_INFOPLIST_FILE = YES;
				INFOPLIST_FILE = Africa/Info.plist;
				INFOPLIST_KEY_UIApplicationSceneManifest_Generation = YES;
				INFOPLIST_KEY_UIApplicationSupportsIndirectInputEvents = YES;
				INFOPLIST_KEY_UISupportedInterfaceOrientations_iPad = "UIInterfaceOrientationPortrait UIInterfaceOrientationPortraitUpsideDown UIInterfaceOrientationLandscapeLeft UIInterfaceOrientationLandscapeRight";
				INFOPLIST_KEY_UISupportedInterfaceOrientations_iPhone = "UIInterfaceOrientationPortrait UIInterfaceOrientationLandscapeLeft UIInterfaceOrientationLandscapeRight";
				INFOPLIST_KEY_UIUserInterfaceStyle = Dark;
				LD_RUNPATH_SEARCH_PATHS = (
					"$(inherited)",
					"@executable_path/Frameworks",
				);
				MARKETING_VERSION = 1.0;
				PRODUCT_BUNDLE_IDENTIFIER = com.wally.Africa;
				PRODUCT_NAME = "$(TARGET_NAME)";
				SUPPORTS_MACCATALYST = YES;
				SWIFT_EMIT_LOC_STRINGS = YES;
				SWIFT_VERSION = 5.0;
				TARGETED_DEVICE_FAMILY = "1,2";
			};
			name = Debug;
		};
		012FBE7A2872CD740048F429 /* Release */ = {
			isa = XCBuildConfiguration;
			buildSettings = {
				ASSETCATALOG_COMPILER_APPICON_NAME = AppIcon;
				ASSETCATALOG_COMPILER_GLOBAL_ACCENT_COLOR_NAME = AccentColor;
				CODE_SIGN_ENTITLEMENTS = Africa/Africa.entitlements;
				CODE_SIGN_STYLE = Automatic;
				CURRENT_PROJECT_VERSION = 1;
				DEVELOPMENT_ASSET_PATHS = "\"Africa/Preview Content\"";
				DEVELOPMENT_TEAM = KMD8PAHJZU;
				ENABLE_PREVIEWS = YES;
				GENERATE_INFOPLIST_FILE = YES;
				INFOPLIST_FILE = Africa/Info.plist;
				INFOPLIST_KEY_UIApplicationSceneManifest_Generation = YES;
				INFOPLIST_KEY_UIApplicationSupportsIndirectInputEvents = YES;
				INFOPLIST_KEY_UISupportedInterfaceOrientations_iPad = "UIInterfaceOrientationPortrait UIInterfaceOrientationPortraitUpsideDown UIInterfaceOrientationLandscapeLeft UIInterfaceOrientationLandscapeRight";
				INFOPLIST_KEY_UISupportedInterfaceOrientations_iPhone = "UIInterfaceOrientationPortrait UIInterfaceOrientationLandscapeLeft UIInterfaceOrientationLandscapeRight";
				INFOPLIST_KEY_UIUserInterfaceStyle = Dark;
				LD_RUNPATH_SEARCH_PATHS = (
					"$(inherited)",
					"@executable_path/Frameworks",
				);
				MARKETING_VERSION = 1.0;
				PRODUCT_BUNDLE_IDENTIFIER = com.wally.Africa;
				PRODUCT_NAME = "$(TARGET_NAME)";
				SUPPORTS_MACCATALYST = YES;
				SWIFT_EMIT_LOC_STRINGS = YES;
				SWIFT_VERSION = 5.0;
				TARGETED_DEVICE_FAMILY = "1,2";
			};
			name = Release;
		};
		01A1755128758F8C00D78F6D /* Debug */ = {
			isa = XCBuildConfiguration;
			buildSettings = {
				ASSETCATALOG_COMPILER_APPICON_NAME = "iMessage App Icon";
				CODE_SIGN_STYLE = Automatic;
				CURRENT_PROJECT_VERSION = 1;
				DEVELOPMENT_TEAM = KMD8PAHJZU;
				GENERATE_INFOPLIST_FILE = YES;
				INFOPLIST_FILE = Stickers/Info.plist;
				INFOPLIST_KEY_CFBundleDisplayName = Africa;
				IPHONEOS_DEPLOYMENT_TARGET = 10.0;
				MARKETING_VERSION = 1.0;
				PRODUCT_BUNDLE_IDENTIFIER = com.wally.Africa.Stickers;
				PRODUCT_NAME = "$(TARGET_NAME)";
				SKIP_INSTALL = YES;
				SUPPORTS_MACCATALYST = NO;
				SWIFT_EMIT_LOC_STRINGS = YES;
				TARGETED_DEVICE_FAMILY = "1,2";
			};
			name = Debug;
		};
		01A1755228758F8C00D78F6D /* Release */ = {
			isa = XCBuildConfiguration;
			buildSettings = {
				ASSETCATALOG_COMPILER_APPICON_NAME = "iMessage App Icon";
				CODE_SIGN_STYLE = Automatic;
				CURRENT_PROJECT_VERSION = 1;
				DEVELOPMENT_TEAM = KMD8PAHJZU;
				GENERATE_INFOPLIST_FILE = YES;
				INFOPLIST_FILE = Stickers/Info.plist;
				INFOPLIST_KEY_CFBundleDisplayName = Africa;
				IPHONEOS_DEPLOYMENT_TARGET = 10.0;
				MARKETING_VERSION = 1.0;
				PRODUCT_BUNDLE_IDENTIFIER = com.wally.Africa.Stickers;
				PRODUCT_NAME = "$(TARGET_NAME)";
				SKIP_INSTALL = YES;
				SUPPORTS_MACCATALYST = NO;
				SWIFT_EMIT_LOC_STRINGS = YES;
				TARGETED_DEVICE_FAMILY = "1,2";
			};
			name = Release;
		};
/* End XCBuildConfiguration section */

/* Begin XCConfigurationList section */
		012FBE652872CD720048F429 /* Build configuration list for PBXProject "Africa" */ = {
			isa = XCConfigurationList;
			buildConfigurations = (
				012FBE762872CD740048F429 /* Debug */,
				012FBE772872CD740048F429 /* Release */,
			);
			defaultConfigurationIsVisible = 0;
			defaultConfigurationName = Release;
		};
		012FBE782872CD740048F429 /* Build configuration list for PBXNativeTarget "Africa" */ = {
			isa = XCConfigurationList;
			buildConfigurations = (
				012FBE792872CD740048F429 /* Debug */,
				012FBE7A2872CD740048F429 /* Release */,
			);
			defaultConfigurationIsVisible = 0;
			defaultConfigurationName = Release;
		};
		01A1755028758F8C00D78F6D /* Build configuration list for PBXNativeTarget "Stickers" */ = {
			isa = XCConfigurationList;
			buildConfigurations = (
				01A1755128758F8C00D78F6D /* Debug */,
				01A1755228758F8C00D78F6D /* Release */,
			);
			defaultConfigurationIsVisible = 0;
			defaultConfigurationName = Release;
		};
/* End XCConfigurationList section */
	};
	rootObject = 012FBE622872CD720048F429 /* Project object */;
}
